// !$*UTF8*$!
{
	archiveVersion = 1;
	classes = {
	};
	objectVersion = 46;
	objects = {

/* Begin PBXBuildFile section */
		276F64681C5DC58100EA0E07 /* ボタンデザイン.jpg in Resources */ = {isa = PBXBuildFile; fileRef = 276F645E1C5DC58100EA0E07 /* ボタンデザイン.jpg */; };
		276F64691C5DC58100EA0E07 /* ボタンデザイン２.jpg in Resources */ = {isa = PBXBuildFile; fileRef = 276F645F1C5DC58100EA0E07 /* ボタンデザイン２.jpg */; };
		276F646A1C5DC58100EA0E07 /* appデザインA.jpg in Resources */ = {isa = PBXBuildFile; fileRef = 276F64611C5DC58100EA0E07 /* appデザインA.jpg */; };
		276F646B1C5DC58100EA0E07 /* appデザインP.jpg in Resources */ = {isa = PBXBuildFile; fileRef = 276F64621C5DC58100EA0E07 /* appデザインP.jpg */; };
		276F646C1C5DC58100EA0E07 /* appデザインQ.jpg in Resources */ = {isa = PBXBuildFile; fileRef = 276F64631C5DC58100EA0E07 /* appデザインQ.jpg */; };
		276F646D1C5DC58100EA0E07 /* appデザインX.jpg in Resources */ = {isa = PBXBuildFile; fileRef = 276F64641C5DC58100EA0E07 /* appデザインX.jpg */; };
		276F646E1C5DC58100EA0E07 /* appimageView画像　coin.png in Resources */ = {isa = PBXBuildFile; fileRef = 276F64661C5DC58100EA0E07 /* appimageView画像　coin.png */; };
		276F646F1C5DC58100EA0E07 /* appimageView画像２-score.png in Resources */ = {isa = PBXBuildFile; fileRef = 276F64671C5DC58100EA0E07 /* appimageView画像２-score.png */; };
		276F64711C5DCED500EA0E07 /* GameViewController.swift in Sources */ = {isa = PBXBuildFile; fileRef = 276F64701C5DCED500EA0E07 /* GameViewController.swift */; };
		276F64731C5DCEF700EA0E07 /* ResultViewController.swift in Sources */ = {isa = PBXBuildFile; fileRef = 276F64721C5DCEF700EA0E07 /* ResultViewController.swift */; };
		27AAC6A61C4B669400AA9EDB /* AppDelegate.swift in Sources */ = {isa = PBXBuildFile; fileRef = 27AAC6A51C4B669400AA9EDB /* AppDelegate.swift */; };
		27AAC6A81C4B669400AA9EDB /* ViewController.swift in Sources */ = {isa = PBXBuildFile; fileRef = 27AAC6A71C4B669400AA9EDB /* ViewController.swift */; };
		27AAC6AB1C4B669400AA9EDB /* Main.storyboard in Resources */ = {isa = PBXBuildFile; fileRef = 27AAC6A91C4B669400AA9EDB /* Main.storyboard */; };
		27AAC6AD1C4B669400AA9EDB /* Assets.xcassets in Resources */ = {isa = PBXBuildFile; fileRef = 27AAC6AC1C4B669400AA9EDB /* Assets.xcassets */; };
		27AAC6B01C4B669400AA9EDB /* LaunchScreen.storyboard in Resources */ = {isa = PBXBuildFile; fileRef = 27AAC6AE1C4B669400AA9EDB /* LaunchScreen.storyboard */; };
/* End PBXBuildFile section */

/* Begin PBXFileReference section */
		276F645E1C5DC58100EA0E07 /* ボタンデザイン.jpg */ = {isa = PBXFileReference; lastKnownFileType = image.jpeg; path = "ボタンデザイン.jpg"; sourceTree = "<group>"; };
		276F645F1C5DC58100EA0E07 /* ボタンデザイン２.jpg */ = {isa = PBXFileReference; lastKnownFileType = image.jpeg; path = "ボタンデザイン２.jpg"; sourceTree = "<group>"; };
		276F64611C5DC58100EA0E07 /* appデザインA.jpg */ = {isa = PBXFileReference; lastKnownFileType = image.jpeg; path = "appデザインA.jpg"; sourceTree = "<group>"; };
		276F64621C5DC58100EA0E07 /* appデザインP.jpg */ = {isa = PBXFileReference; lastKnownFileType = image.jpeg; path = "appデザインP.jpg"; sourceTree = "<group>"; };
		276F64631C5DC58100EA0E07 /* appデザインQ.jpg */ = {isa = PBXFileReference; lastKnownFileType = image.jpeg; path = "appデザインQ.jpg"; sourceTree = "<group>"; };
		276F64641C5DC58100EA0E07 /* appデザインX.jpg */ = {isa = PBXFileReference; lastKnownFileType = image.jpeg; path = "appデザインX.jpg"; sourceTree = "<group>"; };
		276F64661C5DC58100EA0E07 /* appimageView画像　coin.png */ = {isa = PBXFileReference; lastKnownFileType = image.png; path = "appimageView画像　coin.png"; sourceTree = "<group>"; };
		276F64671C5DC58100EA0E07 /* appimageView画像２-score.png */ = {isa = PBXFileReference; lastKnownFileType = image.png; path = "appimageView画像２-score.png"; sourceTree = "<group>"; };
		276F64701C5DCED500EA0E07 /* GameViewController.swift */ = {isa = PBXFileReference; fileEncoding = 4; lastKnownFileType = sourcecode.swift; path = GameViewController.swift; sourceTree = "<group>"; };
		276F64721C5DCEF700EA0E07 /* ResultViewController.swift */ = {isa = PBXFileReference; fileEncoding = 4; lastKnownFileType = sourcecode.swift; path = ResultViewController.swift; sourceTree = "<group>"; };
		27AAC6A21C4B669400AA9EDB /* XPQ.app */ = {isa = PBXFileReference; explicitFileType = wrapper.application; includeInIndex = 0; path = XPQ.app; sourceTree = BUILT_PRODUCTS_DIR; };
		27AAC6A51C4B669400AA9EDB /* AppDelegate.swift */ = {isa = PBXFileReference; lastKnownFileType = sourcecode.swift; path = AppDelegate.swift; sourceTree = "<group>"; };
		27AAC6A71C4B669400AA9EDB /* ViewController.swift */ = {isa = PBXFileReference; lastKnownFileType = sourcecode.swift; path = ViewController.swift; sourceTree = "<group>"; };
		27AAC6AA1C4B669400AA9EDB /* Base */ = {isa = PBXFileReference; lastKnownFileType = file.storyboard; name = Base; path = Base.lproj/Main.storyboard; sourceTree = "<group>"; };
		27AAC6AC1C4B669400AA9EDB /* Assets.xcassets */ = {isa = PBXFileReference; lastKnownFileType = folder.assetcatalog; path = Assets.xcassets; sourceTree = "<group>"; };
		27AAC6AF1C4B669400AA9EDB /* Base */ = {isa = PBXFileReference; lastKnownFileType = file.storyboard; name = Base; path = Base.lproj/LaunchScreen.storyboard; sourceTree = "<group>"; };
		27AAC6B11C4B669400AA9EDB /* Info.plist */ = {isa = PBXFileReference; lastKnownFileType = text.plist.xml; path = Info.plist; sourceTree = "<group>"; };
/* End PBXFileReference section */

/* Begin PBXFrameworksBuildPhase section */
		27AAC69F1C4B669400AA9EDB /* Frameworks */ = {
			isa = PBXFrameworksBuildPhase;
			buildActionMask = 2147483647;
			files = (
			);
			runOnlyForDeploymentPostprocessing = 0;
		};
/* End PBXFrameworksBuildPhase section */

/* Begin PBXGroup section */
		276F645C1C5DC58100EA0E07 /* XPQ画像 */ = {
			isa = PBXGroup;
			children = (
				276F645D1C5DC58100EA0E07 /* XPQボタン */,
				276F64601C5DC58100EA0E07 /* XPQ文字 */,
				276F64651C5DC58100EA0E07 /* 画像 */,
			);
			path = "XPQ画像";
			sourceTree = "<group>";
		};
		276F645D1C5DC58100EA0E07 /* XPQボタン */ = {
			isa = PBXGroup;
			children = (
				276F645E1C5DC58100EA0E07 /* ボタンデザイン.jpg */,
				276F645F1C5DC58100EA0E07 /* ボタンデザイン２.jpg */,
			);
			path = "XPQボタン";
			sourceTree = "<group>";
		};
		276F64601C5DC58100EA0E07 /* XPQ文字 */ = {
			isa = PBXGroup;
			children = (
				276F64611C5DC58100EA0E07 /* appデザインA.jpg */,
				276F64621C5DC58100EA0E07 /* appデザインP.jpg */,
				276F64631C5DC58100EA0E07 /* appデザインQ.jpg */,
				276F64641C5DC58100EA0E07 /* appデザインX.jpg */,
			);
			path = "XPQ文字";
			sourceTree = "<group>";
		};
		276F64651C5DC58100EA0E07 /* 画像 */ = {
			isa = PBXGroup;
			children = (
				276F64661C5DC58100EA0E07 /* appimageView画像　coin.png */,
				276F64671C5DC58100EA0E07 /* appimageView画像２-score.png */,
			);
			path = "画像";
			sourceTree = "<group>";
		};
		27AAC6991C4B669400AA9EDB = {
			isa = PBXGroup;
			children = (
				27AAC6A41C4B669400AA9EDB /* XPQ */,
				27AAC6A31C4B669400AA9EDB /* Products */,
			);
			sourceTree = "<group>";
		};
		27AAC6A31C4B669400AA9EDB /* Products */ = {
			isa = PBXGroup;
			children = (
				27AAC6A21C4B669400AA9EDB /* XPQ.app */,
			);
			name = Products;
			sourceTree = "<group>";
		};
		27AAC6A41C4B669400AA9EDB /* XPQ */ = {
			isa = PBXGroup;
			children = (
				276F645C1C5DC58100EA0E07 /* XPQ画像 */,
				27AAC6A91C4B669400AA9EDB /* Main.storyboard */,
				27AAC6A51C4B669400AA9EDB /* AppDelegate.swift */,
				27AAC6A71C4B669400AA9EDB /* ViewController.swift */,
				276F64701C5DCED500EA0E07 /* GameViewController.swift */,
				276F64721C5DCEF700EA0E07 /* ResultViewController.swift */,
				27AAC6AC1C4B669400AA9EDB /* Assets.xcassets */,
				27AAC6AE1C4B669400AA9EDB /* LaunchScreen.storyboard */,
				27AAC6B11C4B669400AA9EDB /* Info.plist */,
			);
			path = XPQ;
			sourceTree = "<group>";
		};
/* End PBXGroup section */

/* Begin PBXNativeTarget section */
		27AAC6A11C4B669400AA9EDB /* XPQ */ = {
			isa = PBXNativeTarget;
			buildConfigurationList = 27AAC6B41C4B669400AA9EDB /* Build configuration list for PBXNativeTarget "XPQ" */;
			buildPhases = (
				27AAC69E1C4B669400AA9EDB /* Sources */,
				27AAC69F1C4B669400AA9EDB /* Frameworks */,
				27AAC6A01C4B669400AA9EDB /* Resources */,
			);
			buildRules = (
			);
			dependencies = (
			);
			name = XPQ;
			productName = XPQ;
			productReference = 27AAC6A21C4B669400AA9EDB /* XPQ.app */;
			productType = "com.apple.product-type.application";
		};
/* End PBXNativeTarget section */

/* Begin PBXProject section */
		27AAC69A1C4B669400AA9EDB /* Project object */ = {
			isa = PBXProject;
			attributes = {
				LastSwiftUpdateCheck = 0720;
				LastUpgradeCheck = 0720;
				ORGANIZATIONNAME = "三城聖";
				TargetAttributes = {
					27AAC6A11C4B669400AA9EDB = {
						CreatedOnToolsVersion = 7.2;
						DevelopmentTeam = PCDA65G4KQ;
					};
				};
			};
			buildConfigurationList = 27AAC69D1C4B669400AA9EDB /* Build configuration list for PBXProject "XPQ" */;
			compatibilityVersion = "Xcode 3.2";
			developmentRegion = English;
			hasScannedForEncodings = 0;
			knownRegions = (
				en,
				Base,
			);
			mainGroup = 27AAC6991C4B669400AA9EDB;
			productRefGroup = 27AAC6A31C4B669400AA9EDB /* Products */;
			projectDirPath = "";
			projectRoot = "";
			targets = (
				27AAC6A11C4B669400AA9EDB /* XPQ */,
			);
		};
/* End PBXProject section */

/* Begin PBXResourcesBuildPhase section */
		27AAC6A01C4B669400AA9EDB /* Resources */ = {
			isa = PBXResourcesBuildPhase;
			buildActionMask = 2147483647;
			files = (
				276F646D1C5DC58100EA0E07 /* appデザインX.jpg in Resources */,
				276F646B1C5DC58100EA0E07 /* appデザインP.jpg in Resources */,
				27AAC6B01C4B669400AA9EDB /* LaunchScreen.storyboard in Resources */,
				276F646F1C5DC58100EA0E07 /* appimageView画像２-score.png in Resources */,
				276F64691C5DC58100EA0E07 /* ボタンデザイン２.jpg in Resources */,
				276F646E1C5DC58100EA0E07 /* appimageView画像　coin.png in Resources */,
				276F646C1C5DC58100EA0E07 /* appデザインQ.jpg in Resources */,
				27AAC6AD1C4B669400AA9EDB /* Assets.xcassets in Resources */,
				27AAC6AB1C4B669400AA9EDB /* Main.storyboard in Resources */,
				276F64681C5DC58100EA0E07 /* ボタンデザイン.jpg in Resources */,
				276F646A1C5DC58100EA0E07 /* appデザインA.jpg in Resources */,
			);
			runOnlyForDeploymentPostprocessing = 0;
		};
/* End PBXResourcesBuildPhase section */

/* Begin PBXSourcesBuildPhase section */
		27AAC69E1C4B669400AA9EDB /* Sources */ = {
			isa = PBXSourcesBuildPhase;
			buildActionMask = 2147483647;
			files = (
				27AAC6A81C4B669400AA9EDB /* ViewController.swift in Sources */,
				276F64711C5DCED500EA0E07 /* GameViewController.swift in Sources */,
				27AAC6A61C4B669400AA9EDB /* AppDelegate.swift in Sources */,
				276F64731C5DCEF700EA0E07 /* ResultViewController.swift in Sources */,
			);
			runOnlyForDeploymentPostprocessing = 0;
		};
/* End PBXSourcesBuildPhase section */

/* Begin PBXVariantGroup section */
		27AAC6A91C4B669400AA9EDB /* Main.storyboard */ = {
			isa = PBXVariantGroup;
			children = (
				27AAC6AA1C4B669400AA9EDB /* Base */,
			);
			name = Main.storyboard;
			sourceTree = "<group>";
		};
		27AAC6AE1C4B669400AA9EDB /* LaunchScreen.storyboard */ = {
			isa = PBXVariantGroup;
			children = (
				27AAC6AF1C4B669400AA9EDB /* Base */,
			);
			name = LaunchScreen.storyboard;
			sourceTree = "<group>";
		};
/* End PBXVariantGroup section */

/* Begin XCBuildConfiguration section */
		27AAC6B21C4B669400AA9EDB /* Debug */ = {
			isa = XCBuildConfiguration;
			buildSettings = {
				ALWAYS_SEARCH_USER_PATHS = NO;
				CLANG_CXX_LANGUAGE_STANDARD = "gnu++0x";
				CLANG_CXX_LIBRARY = "libc++";
				CLANG_ENABLE_MODULES = YES;
				CLANG_ENABLE_OBJC_ARC = YES;
				CLANG_WARN_BOOL_CONVERSION = YES;
				CLANG_WARN_CONSTANT_CONVERSION = YES;
				CLANG_WARN_DIRECT_OBJC_ISA_USAGE = YES_ERROR;
				CLANG_WARN_EMPTY_BODY = YES;
				CLANG_WARN_ENUM_CONVERSION = YES;
				CLANG_WARN_INT_CONVERSION = YES;
				CLANG_WARN_OBJC_ROOT_CLASS = YES_ERROR;
				CLANG_WARN_UNREACHABLE_CODE = YES;
				CLANG_WARN__DUPLICATE_METHOD_MATCH = YES;
				"CODE_SIGN_IDENTITY[sdk=iphoneos*]" = "iPhone Developer";
				COPY_PHASE_STRIP = NO;
				DEBUG_INFORMATION_FORMAT = dwarf;
				ENABLE_STRICT_OBJC_MSGSEND = YES;
				ENABLE_TESTABILITY = YES;
				GCC_C_LANGUAGE_STANDARD = gnu99;
				GCC_DYNAMIC_NO_PIC = NO;
				GCC_NO_COMMON_BLOCKS = YES;
				GCC_OPTIMIZATION_LEVEL = 0;
				GCC_PREPROCESSOR_DEFINITIONS = (
					"DEBUG=1",
					"$(inherited)",
				);
				GCC_WARN_64_TO_32_BIT_CONVERSION = YES;
				GCC_WARN_ABOUT_RETURN_TYPE = YES_ERROR;
				GCC_WARN_UNDECLARED_SELECTOR = YES;
				GCC_WARN_UNINITIALIZED_AUTOS = YES_AGGRESSIVE;
				GCC_WARN_UNUSED_FUNCTION = YES;
				GCC_WARN_UNUSED_VARIABLE = YES;
				IPHONEOS_DEPLOYMENT_TARGET = 9.2;
				MTL_ENABLE_DEBUG_INFO = YES;
				ONLY_ACTIVE_ARCH = YES;
				SDKROOT = iphoneos;
				SWIFT_OPTIMIZATION_LEVEL = "-Onone";
			};
			name = Debug;
		};
		27AAC6B31C4B669400AA9EDB /* Release */ = {
			isa = XCBuildConfiguration;
			buildSettings = {
				ALWAYS_SEARCH_USER_PATHS = NO;
				CLANG_CXX_LANGUAGE_STANDARD = "gnu++0x";
				CLANG_CXX_LIBRARY = "libc++";
				CLANG_ENABLE_MODULES = YES;
				CLANG_ENABLE_OBJC_ARC = YES;
				CLANG_WARN_BOOL_CONVERSION = YES;
				CLANG_WARN_CONSTANT_CONVERSION = YES;
				CLANG_WARN_DIRECT_OBJC_ISA_USAGE = YES_ERROR;
				CLANG_WARN_EMPTY_BODY = YES;
				CLANG_WARN_ENUM_CONVERSION = YES;
				CLANG_WARN_INT_CONVERSION = YES;
				CLANG_WARN_OBJC_ROOT_CLASS = YES_ERROR;
				CLANG_WARN_UNREACHABLE_CODE = YES;
				CLANG_WARN__DUPLICATE_METHOD_MATCH = YES;
				"CODE_SIGN_IDENTITY[sdk=iphoneos*]" = "iPhone Developer";
				COPY_PHASE_STRIP = NO;
				DEBUG_INFORMATION_FORMAT = "dwarf-with-dsym";
				ENABLE_NS_ASSERTIONS = NO;
				ENABLE_STRICT_OBJC_MSGSEND = YES;
				GCC_C_LANGUAGE_STANDARD = gnu99;
				GCC_NO_COMMON_BLOCKS = YES;
				GCC_WARN_64_TO_32_BIT_CONVERSION = YES;
				GCC_WARN_ABOUT_RETURN_TYPE = YES_ERROR;
				GCC_WARN_UNDECLARED_SELECTOR = YES;
				GCC_WARN_UNINITIALIZED_AUTOS = YES_AGGRESSIVE;
				GCC_WARN_UNUSED_FUNCTION = YES;
				GCC_WARN_UNUSED_VARIABLE = YES;
				IPHONEOS_DEPLOYMENT_TARGET = 9.2;
				MTL_ENABLE_DEBUG_INFO = NO;
				SDKROOT = iphoneos;
				VALIDATE_PRODUCT = YES;
			};
			name = Release;
		};
		27AAC6B51C4B669400AA9EDB /* Debug */ = {
			isa = XCBuildConfiguration;
			buildSettings = {
				ASSETCATALOG_COMPILER_APPICON_NAME = AppIcon;
				INFOPLIST_FILE = XPQ/Info.plist;
				LD_RUNPATH_SEARCH_PATHS = "$(inherited) @executable_path/Frameworks";
				PRODUCT_BUNDLE_IDENTIFIER = com.hijiki.XPQ;
				PRODUCT_NAME = "$(TARGET_NAME)";
				TARGETED_DEVICE_FAMILY = 2;
			};
			name = Debug;
		};
		27AAC6B61C4B669400AA9EDB /* Release */ = {
			isa = XCBuildConfiguration;
			buildSettings = {
				ASSETCATALOG_COMPILER_APPICON_NAME = AppIcon;
				INFOPLIST_FILE = XPQ/Info.plist;
				LD_RUNPATH_SEARCH_PATHS = "$(inherited) @executable_path/Frameworks";
				PRODUCT_BUNDLE_IDENTIFIER = com.hijiki.XPQ;
				PRODUCT_NAME = "$(TARGET_NAME)";
				TARGETED_DEVICE_FAMILY = 2;
			};
			name = Release;
		};
/* End XCBuildConfiguration section */

/* Begin XCConfigurationList section */
		27AAC69D1C4B669400AA9EDB /* Build configuration list for PBXProject "XPQ" */ = {
			isa = XCConfigurationList;
			buildConfigurations = (
				27AAC6B21C4B669400AA9EDB /* Debug */,
				27AAC6B31C4B669400AA9EDB /* Release */,
			);
			defaultConfigurationIsVisible = 0;
			defaultConfigurationName = Release;
		};
		27AAC6B41C4B669400AA9EDB /* Build configuration list for PBXNativeTarget "XPQ" */ = {
			isa = XCConfigurationList;
			buildConfigurations = (
				27AAC6B51C4B669400AA9EDB /* Debug */,
				27AAC6B61C4B669400AA9EDB /* Release */,
			);
			defaultConfigurationIsVisible = 0;
			defaultConfigurationName = Release;
		};
/* End XCConfigurationList section */
	};
	rootObject = 27AAC69A1C4B669400AA9EDB /* Project object */;
}
